
Microsoft Visual Studio Solution File, Format Version 12.00
# Visual Studio 2012
Project("{FAE04EC0-301F-11D3-BF4B-00C04F79EFBC}") = "GD_GhiAmThanh", "GD_GhiAmThanh\GD_GhiAmThanh.csproj", "{8CD1D5FB-C5FB-4091-B57A-DB3123F47FB4}"
EndProject
Project("{FAE04EC0-301F-11D3-BF4B-00C04F79EFBC}") = "DAL", "DAL\DAL.csproj", "{0649CFAD-5F7A-4448-B158-00A1A7D0A9B9}"
EndProject
Project("{FAE04EC0-301F-11D3-BF4B-00C04F79EFBC}") = "DTO", "DTO\DTO.csproj", "{BD2606D1-AFF6-43EB-8039-CC569C5EA78F}"
EndProject
Global
	GlobalSection(SolutionConfigurationPlatforms) = preSolution
		Debug|Any CPU = Debug|Any CPU
		Release|Any CPU = Release|Any CPU
	EndGlobalSection
	GlobalSection(ProjectConfigurationPlatforms) = postSolution
		{8CD1D5FB-C5FB-4091-B57A-DB3123F47FB4}.Debug|Any CPU.ActiveCfg = Debug|Any CPU
		{8CD1D5FB-C5FB-4091-B57A-DB3123F47FB4}.Debug|Any CPU.Build.0 = Debug|Any CPU
		{8CD1D5FB-C5FB-4091-B57A-DB3123F47FB4}.Release|Any CPU.ActiveCfg = Release|Any CPU
		{8CD1D5FB-C5FB-4091-B57A-DB3123F47FB4}.Release|Any CPU.Build.0 = Release|Any CPU
		{0649CFAD-5F7A-4448-B158-00A1A7D0A9B9}.Debug|Any CPU.ActiveCfg = Debug|Any CPU
		{0649CFAD-5F7A-4448-B158-00A1A7D0A9B9}.Debug|Any CPU.Build.0 = Debug|Any CPU
		{0649CFAD-5F7A-4448-B158-00A1A7D0A9B9}.Release|Any CPU.ActiveCfg = Release|Any CPU
		{0649CFAD-5F7A-4448-B158-00A1A7D0A9B9}.Release|Any CPU.Build.0 = Release|Any CPU
		{BD2606D1-AFF6-43EB-8039-CC569C5EA78F}.Debug|Any CPU.ActiveCfg = Debug|Any CPU
		{BD2606D1-AFF6-43EB-8039-CC569C5EA78F}.Debug|Any CPU.Build.0 = Debug|Any CPU
		{BD2606D1-AFF6-43EB-8039-CC569C5EA78F}.Release|Any CPU.ActiveCfg = Release|Any CPU
		{BD2606D1-AFF6-43EB-8039-CC569C5EA78F}.Release|Any CPU.Build.0 = Release|Any CPU
	EndGlobalSection
	GlobalSection(SolutionProperties) = preSolution
		HideSolutionNode = FALSE
	EndGlobalSection
EndGlobal
